// !$*UTF8*$!
{
	archiveVersion = 1;
	classes = {
	};
	objectVersion = 56;
	objects = {

/* Begin PBXBuildFile section */
		660E27412B7416580073AF9C /* CustomMenu2ViewController.swift in Sources */ = {isa = PBXBuildFile; fileRef = 660E27402B7416580073AF9C /* CustomMenu2ViewController.swift */; };
		662764AF2BBDDE3B009F2978 /* Shrikhand-Regular.ttf in Resources */ = {isa = PBXBuildFile; fileRef = 662764AE2BBDDE3B009F2978 /* Shrikhand-Regular.ttf */; };
		662764B32BBE2A6B009F2978 /* CustomMenu3ViewController.swift in Sources */ = {isa = PBXBuildFile; fileRef = 662764B22BBE2A6B009F2978 /* CustomMenu3ViewController.swift */; };
		662764B62BBE3DF1009F2978 /* Meal+CoreDataClass.swift in Sources */ = {isa = PBXBuildFile; fileRef = 662764B42BBE3DF0009F2978 /* Meal+CoreDataClass.swift */; };
		662764B72BBE3DF1009F2978 /* Meal+CoreDataProperties.swift in Sources */ = {isa = PBXBuildFile; fileRef = 662764B52BBE3DF0009F2978 /* Meal+CoreDataProperties.swift */; };
		665234FA2B6BE62E00A46221 /* AppDelegate.swift in Sources */ = {isa = PBXBuildFile; fileRef = 665234F92B6BE62E00A46221 /* AppDelegate.swift */; };
		665234FC2B6BE62E00A46221 /* SceneDelegate.swift in Sources */ = {isa = PBXBuildFile; fileRef = 665234FB2B6BE62E00A46221 /* SceneDelegate.swift */; };
		665234FE2B6BE62E00A46221 /* ViewController.swift in Sources */ = {isa = PBXBuildFile; fileRef = 665234FD2B6BE62E00A46221 /* ViewController.swift */; };
		665235012B6BE62E00A46221 /* Main.storyboard in Resources */ = {isa = PBXBuildFile; fileRef = 665234FF2B6BE62E00A46221 /* Main.storyboard */; };
		665235042B6BE62E00A46221 /* MyMealPlanner.xcdatamodeld in Sources */ = {isa = PBXBuildFile; fileRef = 665235022B6BE62E00A46221 /* MyMealPlanner.xcdatamodeld */; };
		665235062B6BE62F00A46221 /* Assets.xcassets in Resources */ = {isa = PBXBuildFile; fileRef = 665235052B6BE62F00A46221 /* Assets.xcassets */; };
		665235092B6BE62F00A46221 /* LaunchScreen.storyboard in Resources */ = {isa = PBXBuildFile; fileRef = 665235072B6BE62F00A46221 /* LaunchScreen.storyboard */; };
		665235152B6BF2FA00A46221 /* ProfileViewController.swift in Sources */ = {isa = PBXBuildFile; fileRef = 665235142B6BF2FA00A46221 /* ProfileViewController.swift */; };
		665235172B6BFF9400A46221 /* UIImageView.swift in Sources */ = {isa = PBXBuildFile; fileRef = 665235162B6BFF9400A46221 /* UIImageView.swift */; };
		6652351B2B72865300A46221 /* CustomMenuViewController.swift in Sources */ = {isa = PBXBuildFile; fileRef = 6652351A2B72865300A46221 /* CustomMenuViewController.swift */; };
/* End PBXBuildFile section */

/* Begin PBXFileReference section */
		660E27402B7416580073AF9C /* CustomMenu2ViewController.swift */ = {isa = PBXFileReference; lastKnownFileType = sourcecode.swift; path = CustomMenu2ViewController.swift; sourceTree = "<group>"; };
		662764AE2BBDDE3B009F2978 /* Shrikhand-Regular.ttf */ = {isa = PBXFileReference; lastKnownFileType = file; path = "Shrikhand-Regular.ttf"; sourceTree = "<group>"; };
		662764B22BBE2A6B009F2978 /* CustomMenu3ViewController.swift */ = {isa = PBXFileReference; lastKnownFileType = sourcecode.swift; path = CustomMenu3ViewController.swift; sourceTree = "<group>"; };
		662764B42BBE3DF0009F2978 /* Meal+CoreDataClass.swift */ = {isa = PBXFileReference; lastKnownFileType = sourcecode.swift; path = "Meal+CoreDataClass.swift"; sourceTree = "<group>"; };
		662764B52BBE3DF0009F2978 /* Meal+CoreDataProperties.swift */ = {isa = PBXFileReference; lastKnownFileType = sourcecode.swift; path = "Meal+CoreDataProperties.swift"; sourceTree = "<group>"; };
		665234F62B6BE62E00A46221 /* MyMealPlanner.app */ = {isa = PBXFileReference; explicitFileType = wrapper.application; includeInIndex = 0; path = MyMealPlanner.app; sourceTree = BUILT_PRODUCTS_DIR; };
		665234F92B6BE62E00A46221 /* AppDelegate.swift */ = {isa = PBXFileReference; lastKnownFileType = sourcecode.swift; path = AppDelegate.swift; sourceTree = "<group>"; };
		665234FB2B6BE62E00A46221 /* SceneDelegate.swift */ = {isa = PBXFileReference; lastKnownFileType = sourcecode.swift; path = SceneDelegate.swift; sourceTree = "<group>"; };
		665234FD2B6BE62E00A46221 /* ViewController.swift */ = {isa = PBXFileReference; lastKnownFileType = sourcecode.swift; path = ViewController.swift; sourceTree = "<group>"; };
		665235002B6BE62E00A46221 /* Base */ = {isa = PBXFileReference; lastKnownFileType = file.storyboard; name = Base; path = Base.lproj/Main.storyboard; sourceTree = "<group>"; };
		665235032B6BE62E00A46221 /* MyMealPlanner.xcdatamodel */ = {isa = PBXFileReference; lastKnownFileType = wrapper.xcdatamodel; path = MyMealPlanner.xcdatamodel; sourceTree = "<group>"; };
		665235052B6BE62F00A46221 /* Assets.xcassets */ = {isa = PBXFileReference; lastKnownFileType = folder.assetcatalog; path = Assets.xcassets; sourceTree = "<group>"; };
		665235082B6BE62F00A46221 /* Base */ = {isa = PBXFileReference; lastKnownFileType = file.storyboard; name = Base; path = Base.lproj/LaunchScreen.storyboard; sourceTree = "<group>"; };
		6652350A2B6BE62F00A46221 /* Info.plist */ = {isa = PBXFileReference; lastKnownFileType = text.plist.xml; path = Info.plist; sourceTree = "<group>"; };
		665235142B6BF2FA00A46221 /* ProfileViewController.swift */ = {isa = PBXFileReference; lastKnownFileType = sourcecode.swift; path = ProfileViewController.swift; sourceTree = "<group>"; };
		665235162B6BFF9400A46221 /* UIImageView.swift */ = {isa = PBXFileReference; lastKnownFileType = sourcecode.swift; path = UIImageView.swift; sourceTree = "<group>"; };
		6652351A2B72865300A46221 /* CustomMenuViewController.swift */ = {isa = PBXFileReference; lastKnownFileType = sourcecode.swift; path = CustomMenuViewController.swift; sourceTree = "<group>"; };
/* End PBXFileReference section */

/* Begin PBXFrameworksBuildPhase section */
		665234F32B6BE62E00A46221 /* Frameworks */ = {
			isa = PBXFrameworksBuildPhase;
			buildActionMask = 2147483647;
			files = (
			);
			runOnlyForDeploymentPostprocessing = 0;
		};
/* End PBXFrameworksBuildPhase section */

/* Begin PBXGroup section */
		662764B12BBDFA1F009F2978 /* Font */ = {
			isa = PBXGroup;
			children = (
				662764AE2BBDDE3B009F2978 /* Shrikhand-Regular.ttf */,
			);
			path = Font;
			sourceTree = "<group>";
		};
		665234ED2B6BE62E00A46221 = {
			isa = PBXGroup;
			children = (
				667175B42BBEFD5D000EDCD2 /* Core Data Files */,
				665234F82B6BE62E00A46221 /* MyMealPlanner */,
				665234F72B6BE62E00A46221 /* Products */,
			);
			sourceTree = "<group>";
		};
		665234F72B6BE62E00A46221 /* Products */ = {
			isa = PBXGroup;
			children = (
				665234F62B6BE62E00A46221 /* MyMealPlanner.app */,
			);
			name = Products;
			sourceTree = "<group>";
		};
		665234F82B6BE62E00A46221 /* MyMealPlanner */ = {
			isa = PBXGroup;
			children = (
				667175B32BBEFD0B000EDCD2 /* Delegate */,
				662764B12BBDFA1F009F2978 /* Font */,
				667175B22BBEFCB0000EDCD2 /* View Controllers */,
				665234FF2B6BE62E00A46221 /* Main.storyboard */,
				665235162B6BFF9400A46221 /* UIImageView.swift */,
				665235052B6BE62F00A46221 /* Assets.xcassets */,
				665235072B6BE62F00A46221 /* LaunchScreen.storyboard */,
				6652350A2B6BE62F00A46221 /* Info.plist */,
				665235022B6BE62E00A46221 /* MyMealPlanner.xcdatamodeld */,
			);
			path = MyMealPlanner;
			sourceTree = "<group>";
		};
		667175B22BBEFCB0000EDCD2 /* View Controllers */ = {
			isa = PBXGroup;
			children = (
				665234FD2B6BE62E00A46221 /* ViewController.swift */,
				662764B22BBE2A6B009F2978 /* CustomMenu3ViewController.swift */,
				6652351A2B72865300A46221 /* CustomMenuViewController.swift */,
				660E27402B7416580073AF9C /* CustomMenu2ViewController.swift */,
				665235142B6BF2FA00A46221 /* ProfileViewController.swift */,
			);
			path = "View Controllers";
			sourceTree = "<group>";
		};
		667175B32BBEFD0B000EDCD2 /* Delegate */ = {
			isa = PBXGroup;
			children = (
				665234F92B6BE62E00A46221 /* AppDelegate.swift */,
				665234FB2B6BE62E00A46221 /* SceneDelegate.swift */,
			);
			path = Delegate;
			sourceTree = "<group>";
		};
		667175B42BBEFD5D000EDCD2 /* Core Data Files */ = {
			isa = PBXGroup;
			children = (
				662764B42BBE3DF0009F2978 /* Meal+CoreDataClass.swift */,
				662764B52BBE3DF0009F2978 /* Meal+CoreDataProperties.swift */,
			);
			path = "Core Data Files";
			sourceTree = "<group>";
		};
/* End PBXGroup section */

/* Begin PBXNativeTarget section */
		665234F52B6BE62E00A46221 /* MyMealPlanner */ = {
			isa = PBXNativeTarget;
			buildConfigurationList = 6652350D2B6BE62F00A46221 /* Build configuration list for PBXNativeTarget "MyMealPlanner" */;
			buildPhases = (
				665234F22B6BE62E00A46221 /* Sources */,
				665234F32B6BE62E00A46221 /* Frameworks */,
				665234F42B6BE62E00A46221 /* Resources */,
			);
			buildRules = (
			);
			dependencies = (
			);
			name = MyMealPlanner;
			productName = MyMealPlanner;
			productReference = 665234F62B6BE62E00A46221 /* MyMealPlanner.app */;
			productType = "com.apple.product-type.application";
		};
/* End PBXNativeTarget section */

/* Begin PBXProject section */
		665234EE2B6BE62E00A46221 /* Project object */ = {
			isa = PBXProject;
			attributes = {
				BuildIndependentTargetsInParallel = 1;
				LastSwiftUpdateCheck = 1430;
				LastUpgradeCheck = 1430;
				TargetAttributes = {
					665234F52B6BE62E00A46221 = {
						CreatedOnToolsVersion = 14.3.1;
					};
				};
			};
			buildConfigurationList = 665234F12B6BE62E00A46221 /* Build configuration list for PBXProject "MyMealPlanner" */;
			compatibilityVersion = "Xcode 14.0";
			developmentRegion = en;
			hasScannedForEncodings = 0;
			knownRegions = (
				en,
				Base,
			);
			mainGroup = 665234ED2B6BE62E00A46221;
			productRefGroup = 665234F72B6BE62E00A46221 /* Products */;
			projectDirPath = "";
			projectRoot = "";
			targets = (
				665234F52B6BE62E00A46221 /* MyMealPlanner */,
			);
		};
/* End PBXProject section */

/* Begin PBXResourcesBuildPhase section */
		665234F42B6BE62E00A46221 /* Resources */ = {
			isa = PBXResourcesBuildPhase;
			buildActionMask = 2147483647;
			files = (
				662764AF2BBDDE3B009F2978 /* Shrikhand-Regular.ttf in Resources */,
				665235092B6BE62F00A46221 /* LaunchScreen.storyboard in Resources */,
				665235062B6BE62F00A46221 /* Assets.xcassets in Resources */,
				665235012B6BE62E00A46221 /* Main.storyboard in Resources */,
			);
			runOnlyForDeploymentPostprocessing = 0;
		};
/* End PBXResourcesBuildPhase section */

/* Begin PBXSourcesBuildPhase section */
		665234F22B6BE62E00A46221 /* Sources */ = {
			isa = PBXSourcesBuildPhase;
			buildActionMask = 2147483647;
			files = (
				665234FE2B6BE62E00A46221 /* ViewController.swift in Sources */,
				665234FA2B6BE62E00A46221 /* AppDelegate.swift in Sources */,
				665235152B6BF2FA00A46221 /* ProfileViewController.swift in Sources */,
				660E27412B7416580073AF9C /* CustomMenu2ViewController.swift in Sources */,
				662764B62BBE3DF1009F2978 /* Meal+CoreDataClass.swift in Sources */,
				665234FC2B6BE62E00A46221 /* SceneDelegate.swift in Sources */,
				662764B32BBE2A6B009F2978 /* CustomMenu3ViewController.swift in Sources */,
				662764B72BBE3DF1009F2978 /* Meal+CoreDataProperties.swift in Sources */,
				665235172B6BFF9400A46221 /* UIImageView.swift in Sources */,
				6652351B2B72865300A46221 /* CustomMenuViewController.swift in Sources */,
				665235042B6BE62E00A46221 /* MyMealPlanner.xcdatamodeld in Sources */,
			);
			runOnlyForDeploymentPostprocessing = 0;
		};
/* End PBXSourcesBuildPhase section */

/* Begin PBXVariantGroup section */
		665234FF2B6BE62E00A46221 /* Main.storyboard */ = {
			isa = PBXVariantGroup;
			children = (
				665235002B6BE62E00A46221 /* Base */,
			);
			name = Main.storyboard;
			sourceTree = "<group>";
		};
		665235072B6BE62F00A46221 /* LaunchScreen.storyboard */ = {
			isa = PBXVariantGroup;
			children = (
				665235082B6BE62F00A46221 /* Base */,
			);
			name = LaunchScreen.storyboard;
			sourceTree = "<group>";
		};
/* End PBXVariantGroup section */

/* Begin XCBuildConfiguration section */
		6652350B2B6BE62F00A46221 /* Debug */ = {
			isa = XCBuildConfiguration;
			buildSettings = {
				ALWAYS_SEARCH_USER_PATHS = NO;
				CLANG_ANALYZER_NONNULL = YES;
				CLANG_ANALYZER_NUMBER_OBJECT_CONVERSION = YES_AGGRESSIVE;
				CLANG_CXX_LANGUAGE_STANDARD = "gnu++20";
				CLANG_ENABLE_MODULES = YES;
				CLANG_ENABLE_OBJC_ARC = YES;
				CLANG_ENABLE_OBJC_WEAK = YES;
				CLANG_WARN_BLOCK_CAPTURE_AUTORELEASING = YES;
				CLANG_WARN_BOOL_CONVERSION = YES;
				CLANG_WARN_COMMA = YES;
				CLANG_WARN_CONSTANT_CONVERSION = YES;
				CLANG_WARN_DEPRECATED_OBJC_IMPLEMENTATIONS = YES;
				CLANG_WARN_DIRECT_OBJC_ISA_USAGE = YES_ERROR;
				CLANG_WARN_DOCUMENTATION_COMMENTS = YES;
				CLANG_WARN_EMPTY_BODY = YES;
				CLANG_WARN_ENUM_CONVERSION = YES;
				CLANG_WARN_INFINITE_RECURSION = YES;
				CLANG_WARN_INT_CONVERSION = YES;
				CLANG_WARN_NON_LITERAL_NULL_CONVERSION = YES;
				CLANG_WARN_OBJC_IMPLICIT_RETAIN_SELF = YES;
				CLANG_WARN_OBJC_LITERAL_CONVERSION = YES;
				CLANG_WARN_OBJC_ROOT_CLASS = YES_ERROR;
				CLANG_WARN_QUOTED_INCLUDE_IN_FRAMEWORK_HEADER = YES;
				CLANG_WARN_RANGE_LOOP_ANALYSIS = YES;
				CLANG_WARN_STRICT_PROTOTYPES = YES;
				CLANG_WARN_SUSPICIOUS_MOVE = YES;
				CLANG_WARN_UNGUARDED_AVAILABILITY = YES_AGGRESSIVE;
				CLANG_WARN_UNREACHABLE_CODE = YES;
				CLANG_WARN__DUPLICATE_METHOD_MATCH = YES;
				COPY_PHASE_STRIP = NO;
				DEBUG_INFORMATION_FORMAT = dwarf;
				ENABLE_STRICT_OBJC_MSGSEND = YES;
				ENABLE_TESTABILITY = YES;
				GCC_C_LANGUAGE_STANDARD = gnu11;
				GCC_DYNAMIC_NO_PIC = NO;
				GCC_NO_COMMON_BLOCKS = YES;
				GCC_OPTIMIZATION_LEVEL = 0;
				GCC_PREPROCESSOR_DEFINITIONS = (
					"DEBUG=1",
					"$(inherited)",
				);
				GCC_WARN_64_TO_32_BIT_CONVERSION = YES;
				GCC_WARN_ABOUT_RETURN_TYPE = YES_ERROR;
				GCC_WARN_UNDECLARED_SELECTOR = YES;
				GCC_WARN_UNINITIALIZED_AUTOS = YES_AGGRESSIVE;
				GCC_WARN_UNUSED_FUNCTION = YES;
				GCC_WARN_UNUSED_VARIABLE = YES;
				IPHONEOS_DEPLOYMENT_TARGET = 16.4;
				MTL_ENABLE_DEBUG_INFO = INCLUDE_SOURCE;
				MTL_FAST_MATH = YES;
				ONLY_ACTIVE_ARCH = YES;
				SDKROOT = iphoneos;
				SWIFT_ACTIVE_COMPILATION_CONDITIONS = DEBUG;
				SWIFT_OPTIMIZATION_LEVEL = "-Onone";
			};
			name = Debug;
		};
		6652350C2B6BE62F00A46221 /* Release */ = {
			isa = XCBuildConfiguration;
			buildSettings = {
				ALWAYS_SEARCH_USER_PATHS = NO;
				CLANG_ANALYZER_NONNULL = YES;
				CLANG_ANALYZER_NUMBER_OBJECT_CONVERSION = YES_AGGRESSIVE;
				CLANG_CXX_LANGUAGE_STANDARD = "gnu++20";
				CLANG_ENABLE_MODULES = YES;
				CLANG_ENABLE_OBJC_ARC = YES;
				CLANG_ENABLE_OBJC_WEAK = YES;
				CLANG_WARN_BLOCK_CAPTURE_AUTORELEASING = YES;
				CLANG_WARN_BOOL_CONVERSION = YES;
				CLANG_WARN_COMMA = YES;
				CLANG_WARN_CONSTANT_CONVERSION = YES;
				CLANG_WARN_DEPRECATED_OBJC_IMPLEMENTATIONS = YES;
				CLANG_WARN_DIRECT_OBJC_ISA_USAGE = YES_ERROR;
				CLANG_WARN_DOCUMENTATION_COMMENTS = YES;
				CLANG_WARN_EMPTY_BODY = YES;
				CLANG_WARN_ENUM_CONVERSION = YES;
				CLANG_WARN_INFINITE_RECURSION = YES;
				CLANG_WARN_INT_CONVERSION = YES;
				CLANG_WARN_NON_LITERAL_NULL_CONVERSION = YES;
				CLANG_WARN_OBJC_IMPLICIT_RETAIN_SELF = YES;
				CLANG_WARN_OBJC_LITERAL_CONVERSION = YES;
				CLANG_WARN_OBJC_ROOT_CLASS = YES_ERROR;
				CLANG_WARN_QUOTED_INCLUDE_IN_FRAMEWORK_HEADER = YES;
				CLANG_WARN_RANGE_LOOP_ANALYSIS = YES;
				CLANG_WARN_STRICT_PROTOTYPES = YES;
				CLANG_WARN_SUSPICIOUS_MOVE = YES;
				CLANG_WARN_UNGUARDED_AVAILABILITY = YES_AGGRESSIVE;
				CLANG_WARN_UNREACHABLE_CODE = YES;
				CLANG_WARN__DUPLICATE_METHOD_MATCH = YES;
				COPY_PHASE_STRIP = NO;
				DEBUG_INFORMATION_FORMAT = "dwarf-with-dsym";
				ENABLE_NS_ASSERTIONS = NO;
				ENABLE_STRICT_OBJC_MSGSEND = YES;
				GCC_C_LANGUAGE_STANDARD = gnu11;
				GCC_NO_COMMON_BLOCKS = YES;
				GCC_WARN_64_TO_32_BIT_CONVERSION = YES;
				GCC_WARN_ABOUT_RETURN_TYPE = YES_ERROR;
				GCC_WARN_UNDECLARED_SELECTOR = YES;
				GCC_WARN_UNINITIALIZED_AUTOS = YES_AGGRESSIVE;
				GCC_WARN_UNUSED_FUNCTION = YES;
				GCC_WARN_UNUSED_VARIABLE = YES;
				IPHONEOS_DEPLOYMENT_TARGET = 16.4;
				MTL_ENABLE_DEBUG_INFO = NO;
				MTL_FAST_MATH = YES;
				SDKROOT = iphoneos;
				SWIFT_COMPILATION_MODE = wholemodule;
				SWIFT_OPTIMIZATION_LEVEL = "-O";
				VALIDATE_PRODUCT = YES;
			};
			name = Release;
		};
		6652350E2B6BE62F00A46221 /* Debug */ = {
			isa = XCBuildConfiguration;
			buildSettings = {
				ASSETCATALOG_COMPILER_APPICON_NAME = AppIcon;
				ASSETCATALOG_COMPILER_GLOBAL_ACCENT_COLOR_NAME = AccentColor;
				CODE_SIGN_STYLE = Automatic;
				CURRENT_PROJECT_VERSION = 1;
				DEVELOPMENT_TEAM = 7LL9N93FWU;
				GENERATE_INFOPLIST_FILE = YES;
				INFOPLIST_FILE = MyMealPlanner/Info.plist;
				INFOPLIST_KEY_NSPhotoLibraryAddUsageDescription = "Please allow access to your photos";
				INFOPLIST_KEY_UIApplicationSupportsIndirectInputEvents = YES;
				INFOPLIST_KEY_UILaunchStoryboardName = LaunchScreen;
				INFOPLIST_KEY_UIMainStoryboardFile = Main;
				INFOPLIST_KEY_UISupportedInterfaceOrientations_iPad = "UIInterfaceOrientationPortrait UIInterfaceOrientationPortraitUpsideDown UIInterfaceOrientationLandscapeLeft UIInterfaceOrientationLandscapeRight";
				INFOPLIST_KEY_UISupportedInterfaceOrientations_iPhone = "UIInterfaceOrientationPortrait UIInterfaceOrientationLandscapeLeft UIInterfaceOrientationLandscapeRight";
				LD_RUNPATH_SEARCH_PATHS = (
					"$(inherited)",
					"@executable_path/Frameworks",
				);
				MARKETING_VERSION = 1.0;
				PRODUCT_BUNDLE_IDENTIFIER = com.MarissaHomer.MyMealPlanner;
				PRODUCT_NAME = "$(TARGET_NAME)";
				SWIFT_EMIT_LOC_STRINGS = YES;
				SWIFT_VERSION = 5.0;
				TARGETED_DEVICE_FAMILY = "1,2";
			};
			name = Debug;
		};
		6652350F2B6BE62F00A46221 /* Release */ = {
			isa = XCBuildConfiguration;
			buildSettings = {
				ASSETCATALOG_COMPILER_APPICON_NAME = AppIcon;
				ASSETCATALOG_COMPILER_GLOBAL_ACCENT_COLOR_NAME = AccentColor;
				CODE_SIGN_STYLE = Automatic;
				CURRENT_PROJECT_VERSION = 1;
				DEVELOPMENT_TEAM = 7LL9N93FWU;
				GENERATE_INFOPLIST_FILE = YES;
				INFOPLIST_FILE = MyMealPlanner/Info.plist;
				INFOPLIST_KEY_NSPhotoLibraryAddUsageDescription = "Please allow access to your photos";
				INFOPLIST_KEY_UIApplicationSupportsIndirectInputEvents = YES;
				INFOPLIST_KEY_UILaunchStoryboardName = LaunchScreen;
				INFOPLIST_KEY_UIMainStoryboardFile = Main;
				INFOPLIST_KEY_UISupportedInterfaceOrientations_iPad = "UIInterfaceOrientationPortrait UIInterfaceOrientationPortraitUpsideDown UIInterfaceOrientationLandscapeLeft UIInterfaceOrientationLandscapeRight";
				INFOPLIST_KEY_UISupportedInterfaceOrientations_iPhone = "UIInterfaceOrientationPortrait UIInterfaceOrientationLandscapeLeft UIInterfaceOrientationLandscapeRight";
				LD_RUNPATH_SEARCH_PATHS = (
					"$(inherited)",
					"@executable_path/Frameworks",
				);
				MARKETING_VERSION = 1.0;
				PRODUCT_BUNDLE_IDENTIFIER = com.MarissaHomer.MyMealPlanner;
				PRODUCT_NAME = "$(TARGET_NAME)";
				SWIFT_EMIT_LOC_STRINGS = YES;
				SWIFT_VERSION = 5.0;
				TARGETED_DEVICE_FAMILY = "1,2";
			};
			name = Release;
		};
/* End XCBuildConfiguration section */

/* Begin XCConfigurationList section */
		665234F12B6BE62E00A46221 /* Build configuration list for PBXProject "MyMealPlanner" */ = {
			isa = XCConfigurationList;
			buildConfigurations = (
				6652350B2B6BE62F00A46221 /* Debug */,
				6652350C2B6BE62F00A46221 /* Release */,
			);
			defaultConfigurationIsVisible = 0;
			defaultConfigurationName = Release;
		};
		6652350D2B6BE62F00A46221 /* Build configuration list for PBXNativeTarget "MyMealPlanner" */ = {
			isa = XCConfigurationList;
			buildConfigurations = (
				6652350E2B6BE62F00A46221 /* Debug */,
				6652350F2B6BE62F00A46221 /* Release */,
			);
			defaultConfigurationIsVisible = 0;
			defaultConfigurationName = Release;
		};
/* End XCConfigurationList section */

/* Begin XCVersionGroup section */
		665235022B6BE62E00A46221 /* MyMealPlanner.xcdatamodeld */ = {
			isa = XCVersionGroup;
			children = (
				665235032B6BE62E00A46221 /* MyMealPlanner.xcdatamodel */,
			);
			currentVersion = 665235032B6BE62E00A46221 /* MyMealPlanner.xcdatamodel */;
			path = MyMealPlanner.xcdatamodeld;
			sourceTree = "<group>";
			versionGroupType = wrapper.xcdatamodel;
		};
/* End XCVersionGroup section */
	};
	rootObject = 665234EE2B6BE62E00A46221 /* Project object */;
}
